// !$*UTF8*$!
{
	archiveVersion = 1;
	classes = {
	};
	objectVersion = 50;
	objects = {

/* Begin PBXBuildFile section */
		491963C5260802E3003AE531 /* HomeViewController.swift in Sources */ = {isa = PBXBuildFile; fileRef = 491963C4260802E3003AE531 /* HomeViewController.swift */; };
		491963C8260803EE003AE531 /* NewSessionViewController.swift in Sources */ = {isa = PBXBuildFile; fileRef = 491963C7260803EE003AE531 /* NewSessionViewController.swift */; };
		491963CC260804AA003AE531 /* util.swift in Sources */ = {isa = PBXBuildFile; fileRef = 491963CB260804AA003AE531 /* util.swift */; };
		49DA749725B43CA700151744 /* AppDelegate.swift in Sources */ = {isa = PBXBuildFile; fileRef = 49DA749625B43CA700151744 /* AppDelegate.swift */; };
		49DA749925B43CA700151744 /* SceneDelegate.swift in Sources */ = {isa = PBXBuildFile; fileRef = 49DA749825B43CA700151744 /* SceneDelegate.swift */; };
		49DA749B25B43CA700151744 /* SessionViewController.swift in Sources */ = {isa = PBXBuildFile; fileRef = 49DA749A25B43CA700151744 /* SessionViewController.swift */; };
		49DA749E25B43CA700151744 /* Main.storyboard in Resources */ = {isa = PBXBuildFile; fileRef = 49DA749C25B43CA700151744 /* Main.storyboard */; };
		49DA74A025B43CA900151744 /* Assets.xcassets in Resources */ = {isa = PBXBuildFile; fileRef = 49DA749F25B43CA900151744 /* Assets.xcassets */; };
		49DA74A325B43CA900151744 /* LaunchScreen.storyboard in Resources */ = {isa = PBXBuildFile; fileRef = 49DA74A125B43CA900151744 /* LaunchScreen.storyboard */; };
		49DA74B125B4C72300151744 /* StopViewControlloer.swift in Sources */ = {isa = PBXBuildFile; fileRef = 49DA74B025B4C72300151744 /* StopViewControlloer.swift */; };
/* End PBXBuildFile section */

/* Begin PBXFileReference section */
		491963C4260802E3003AE531 /* HomeViewController.swift */ = {isa = PBXFileReference; lastKnownFileType = sourcecode.swift; path = HomeViewController.swift; sourceTree = "<group>"; };
		491963C7260803EE003AE531 /* NewSessionViewController.swift */ = {isa = PBXFileReference; lastKnownFileType = sourcecode.swift; path = NewSessionViewController.swift; sourceTree = "<group>"; };
		491963CB260804AA003AE531 /* util.swift */ = {isa = PBXFileReference; lastKnownFileType = sourcecode.swift; path = util.swift; sourceTree = "<group>"; };
		49DA749325B43CA700151744 /* Overwatch Failure.app */ = {isa = PBXFileReference; explicitFileType = wrapper.application; includeInIndex = 0; path = "Overwatch Failure.app"; sourceTree = BUILT_PRODUCTS_DIR; };
		49DA749625B43CA700151744 /* AppDelegate.swift */ = {isa = PBXFileReference; lastKnownFileType = sourcecode.swift; path = AppDelegate.swift; sourceTree = "<group>"; };
		49DA749825B43CA700151744 /* SceneDelegate.swift */ = {isa = PBXFileReference; lastKnownFileType = sourcecode.swift; path = SceneDelegate.swift; sourceTree = "<group>"; };
		49DA749A25B43CA700151744 /* SessionViewController.swift */ = {isa = PBXFileReference; lastKnownFileType = sourcecode.swift; path = SessionViewController.swift; sourceTree = "<group>"; };
		49DA749D25B43CA700151744 /* Base */ = {isa = PBXFileReference; lastKnownFileType = file.storyboard; name = Base; path = Base.lproj/Main.storyboard; sourceTree = "<group>"; };
		49DA749F25B43CA900151744 /* Assets.xcassets */ = {isa = PBXFileReference; lastKnownFileType = folder.assetcatalog; path = Assets.xcassets; sourceTree = "<group>"; };
		49DA74A225B43CA900151744 /* Base */ = {isa = PBXFileReference; lastKnownFileType = file.storyboard; name = Base; path = Base.lproj/LaunchScreen.storyboard; sourceTree = "<group>"; };
		49DA74A425B43CA900151744 /* Info.plist */ = {isa = PBXFileReference; lastKnownFileType = text.plist.xml; path = Info.plist; sourceTree = "<group>"; };
		49DA74B025B4C72300151744 /* StopViewControlloer.swift */ = {isa = PBXFileReference; lastKnownFileType = sourcecode.swift; path = StopViewControlloer.swift; sourceTree = "<group>"; };
/* End PBXFileReference section */

/* Begin PBXFrameworksBuildPhase section */
		49DA749025B43CA700151744 /* Frameworks */ = {
			isa = PBXFrameworksBuildPhase;
			buildActionMask = 2147483647;
			files = (
			);
			runOnlyForDeploymentPostprocessing = 0;
		};
/* End PBXFrameworksBuildPhase section */

/* Begin PBXGroup section */
		491963C22608022B003AE531 /* ViewControllers */ = {
			isa = PBXGroup;
			children = (
				49DA74B025B4C72300151744 /* StopViewControlloer.swift */,
				49DA749A25B43CA700151744 /* SessionViewController.swift */,
				491963C4260802E3003AE531 /* HomeViewController.swift */,
				491963C7260803EE003AE531 /* NewSessionViewController.swift */,
			);
			path = ViewControllers;
			sourceTree = "<group>";
		};
		49DA748A25B43CA700151744 = {
			isa = PBXGroup;
			children = (
				49DA749525B43CA700151744 /* Overwatch Failure */,
				49DA749425B43CA700151744 /* Products */,
			);
			sourceTree = "<group>";
		};
		49DA749425B43CA700151744 /* Products */ = {
			isa = PBXGroup;
			children = (
				49DA749325B43CA700151744 /* Overwatch Failure.app */,
			);
			name = Products;
			sourceTree = "<group>";
		};
		49DA749525B43CA700151744 /* Overwatch Failure */ = {
			isa = PBXGroup;
			children = (
				491963CB260804AA003AE531 /* util.swift */,
				491963C22608022B003AE531 /* ViewControllers */,
				49DA749625B43CA700151744 /* AppDelegate.swift */,
				49DA749825B43CA700151744 /* SceneDelegate.swift */,
				49DA749C25B43CA700151744 /* Main.storyboard */,
				49DA749F25B43CA900151744 /* Assets.xcassets */,
				49DA74A125B43CA900151744 /* LaunchScreen.storyboard */,
				49DA74A425B43CA900151744 /* Info.plist */,
			);
			path = "Overwatch Failure";
			sourceTree = "<group>";
		};
/* End PBXGroup section */

/* Begin PBXNativeTarget section */
		49DA749225B43CA700151744 /* Overwatch Failure */ = {
			isa = PBXNativeTarget;
			buildConfigurationList = 49DA74A725B43CA900151744 /* Build configuration list for PBXNativeTarget "Overwatch Failure" */;
			buildPhases = (
				49DA748F25B43CA700151744 /* Sources */,
				49DA749025B43CA700151744 /* Frameworks */,
				49DA749125B43CA700151744 /* Resources */,
			);
			buildRules = (
			);
			dependencies = (
			);
			name = "Overwatch Failure";
			productName = "Overwatch Failure";
			productReference = 49DA749325B43CA700151744 /* Overwatch Failure.app */;
			productType = "com.apple.product-type.application";
		};
/* End PBXNativeTarget section */

/* Begin PBXProject section */
		49DA748B25B43CA700151744 /* Project object */ = {
			isa = PBXProject;
			attributes = {
				LastSwiftUpdateCheck = 1230;
				LastUpgradeCheck = 1230;
				TargetAttributes = {
					49DA749225B43CA700151744 = {
						CreatedOnToolsVersion = 12.3;
					};
				};
			};
			buildConfigurationList = 49DA748E25B43CA700151744 /* Build configuration list for PBXProject "Overwatch Failure" */;
			compatibilityVersion = "Xcode 9.3";
			developmentRegion = en;
			hasScannedForEncodings = 0;
			knownRegions = (
				en,
				Base,
			);
			mainGroup = 49DA748A25B43CA700151744;
			productRefGroup = 49DA749425B43CA700151744 /* Products */;
			projectDirPath = "";
			projectRoot = "";
			targets = (
				49DA749225B43CA700151744 /* Overwatch Failure */,
			);
		};
/* End PBXProject section */

/* Begin PBXResourcesBuildPhase section */
		49DA749125B43CA700151744 /* Resources */ = {
			isa = PBXResourcesBuildPhase;
			buildActionMask = 2147483647;
			files = (
				49DA74A325B43CA900151744 /* LaunchScreen.storyboard in Resources */,
				49DA74A025B43CA900151744 /* Assets.xcassets in Resources */,
				49DA749E25B43CA700151744 /* Main.storyboard in Resources */,
			);
			runOnlyForDeploymentPostprocessing = 0;
		};
/* End PBXResourcesBuildPhase section */

/* Begin PBXSourcesBuildPhase section */
		49DA748F25B43CA700151744 /* Sources */ = {
			isa = PBXSourcesBuildPhase;
			buildActionMask = 2147483647;
			files = (
				491963CC260804AA003AE531 /* util.swift in Sources */,
				491963C8260803EE003AE531 /* NewSessionViewController.swift in Sources */,
				491963C5260802E3003AE531 /* HomeViewController.swift in Sources */,
				49DA74B125B4C72300151744 /* StopViewControlloer.swift in Sources */,
				49DA749B25B43CA700151744 /* SessionViewController.swift in Sources */,
				49DA749725B43CA700151744 /* AppDelegate.swift in Sources */,
				49DA749925B43CA700151744 /* SceneDelegate.swift in Sources */,
			);
			runOnlyForDeploymentPostprocessing = 0;
		};
/* End PBXSourcesBuildPhase section */

/* Begin PBXVariantGroup section */
		49DA749C25B43CA700151744 /* Main.storyboard */ = {
			isa = PBXVariantGroup;
			children = (
				49DA749D25B43CA700151744 /* Base */,
			);
			name = Main.storyboard;
			sourceTree = "<group>";
		};
		49DA74A125B43CA900151744 /* LaunchScreen.storyboard */ = {
			isa = PBXVariantGroup;
			children = (
				49DA74A225B43CA900151744 /* Base */,
			);
			name = LaunchScreen.storyboard;
			sourceTree = "<group>";
		};
/* End PBXVariantGroup section */

/* Begin XCBuildConfiguration section */
		49DA74A525B43CA900151744 /* Debug */ = {
			isa = XCBuildConfiguration;
			buildSettings = {
				ALWAYS_SEARCH_USER_PATHS = NO;
				CLANG_ANALYZER_NONNULL = YES;
				CLANG_ANALYZER_NUMBER_OBJECT_CONVERSION = YES_AGGRESSIVE;
				CLANG_CXX_LANGUAGE_STANDARD = "gnu++14";
				CLANG_CXX_LIBRARY = "libc++";
				CLANG_ENABLE_MODULES = YES;
				CLANG_ENABLE_OBJC_ARC = YES;
				CLANG_ENABLE_OBJC_WEAK = YES;
				CLANG_WARN_BLOCK_CAPTURE_AUTORELEASING = YES;
				CLANG_WARN_BOOL_CONVERSION = YES;
				CLANG_WARN_COMMA = YES;
				CLANG_WARN_CONSTANT_CONVERSION = YES;
				CLANG_WARN_DEPRECATED_OBJC_IMPLEMENTATIONS = YES;
				CLANG_WARN_DIRECT_OBJC_ISA_USAGE = YES_ERROR;
				CLANG_WARN_DOCUMENTATION_COMMENTS = YES;
				CLANG_WARN_EMPTY_BODY = YES;
				CLANG_WARN_ENUM_CONVERSION = YES;
				CLANG_WARN_INFINITE_RECURSION = YES;
				CLANG_WARN_INT_CONVERSION = YES;
				CLANG_WARN_NON_LITERAL_NULL_CONVERSION = YES;
				CLANG_WARN_OBJC_IMPLICIT_RETAIN_SELF = YES;
				CLANG_WARN_OBJC_LITERAL_CONVERSION = YES;
				CLANG_WARN_OBJC_ROOT_CLASS = YES_ERROR;
				CLANG_WARN_QUOTED_INCLUDE_IN_FRAMEWORK_HEADER = YES;
				CLANG_WARN_RANGE_LOOP_ANALYSIS = YES;
				CLANG_WARN_STRICT_PROTOTYPES = YES;
				CLANG_WARN_SUSPICIOUS_MOVE = YES;
				CLANG_WARN_UNGUARDED_AVAILABILITY = YES_AGGRESSIVE;
				CLANG_WARN_UNREACHABLE_CODE = YES;
				CLANG_WARN__DUPLICATE_METHOD_MATCH = YES;
				COPY_PHASE_STRIP = NO;
				DEBUG_INFORMATION_FORMAT = dwarf;
				ENABLE_STRICT_OBJC_MSGSEND = YES;
				ENABLE_TESTABILITY = YES;
				GCC_C_LANGUAGE_STANDARD = gnu11;
				GCC_DYNAMIC_NO_PIC = NO;
				GCC_NO_COMMON_BLOCKS = YES;
				GCC_OPTIMIZATION_LEVEL = 0;
				GCC_PREPROCESSOR_DEFINITIONS = (
					"DEBUG=1",
					"$(inherited)",
				);
				GCC_WARN_64_TO_32_BIT_CONVERSION = YES;
				GCC_WARN_ABOUT_RETURN_TYPE = YES_ERROR;
				GCC_WARN_UNDECLARED_SELECTOR = YES;
				GCC_WARN_UNINITIALIZED_AUTOS = YES_AGGRESSIVE;
				GCC_WARN_UNUSED_FUNCTION = YES;
				GCC_WARN_UNUSED_VARIABLE = YES;
				IPHONEOS_DEPLOYMENT_TARGET = 14.3;
				MTL_ENABLE_DEBUG_INFO = INCLUDE_SOURCE;
				MTL_FAST_MATH = YES;
				ONLY_ACTIVE_ARCH = YES;
				SDKROOT = iphoneos;
				SWIFT_ACTIVE_COMPILATION_CONDITIONS = DEBUG;
				SWIFT_OPTIMIZATION_LEVEL = "-Onone";
			};
			name = Debug;
		};
		49DA74A625B43CA900151744 /* Release */ = {
			isa = XCBuildConfiguration;
			buildSettings = {
				ALWAYS_SEARCH_USER_PATHS = NO;
				CLANG_ANALYZER_NONNULL = YES;
				CLANG_ANALYZER_NUMBER_OBJECT_CONVERSION = YES_AGGRESSIVE;
				CLANG_CXX_LANGUAGE_STANDARD = "gnu++14";
				CLANG_CXX_LIBRARY = "libc++";
				CLANG_ENABLE_MODULES = YES;
				CLANG_ENABLE_OBJC_ARC = YES;
				CLANG_ENABLE_OBJC_WEAK = YES;
				CLANG_WARN_BLOCK_CAPTURE_AUTORELEASING = YES;
				CLANG_WARN_BOOL_CONVERSION = YES;
				CLANG_WARN_COMMA = YES;
				CLANG_WARN_CONSTANT_CONVERSION = YES;
				CLANG_WARN_DEPRECATED_OBJC_IMPLEMENTATIONS = YES;
				CLANG_WARN_DIRECT_OBJC_ISA_USAGE = YES_ERROR;
				CLANG_WARN_DOCUMENTATION_COMMENTS = YES;
				CLANG_WARN_EMPTY_BODY = YES;
				CLANG_WARN_ENUM_CONVERSION = YES;
				CLANG_WARN_INFINITE_RECURSION = YES;
				CLANG_WARN_INT_CONVERSION = YES;
				CLANG_WARN_NON_LITERAL_NULL_CONVERSION = YES;
				CLANG_WARN_OBJC_IMPLICIT_RETAIN_SELF = YES;
				CLANG_WARN_OBJC_LITERAL_CONVERSION = YES;
				CLANG_WARN_OBJC_ROOT_CLASS = YES_ERROR;
				CLANG_WARN_QUOTED_INCLUDE_IN_FRAMEWORK_HEADER = YES;
				CLANG_WARN_RANGE_LOOP_ANALYSIS = YES;
				CLANG_WARN_STRICT_PROTOTYPES = YES;
				CLANG_WARN_SUSPICIOUS_MOVE = YES;
				CLANG_WARN_UNGUARDED_AVAILABILITY = YES_AGGRESSIVE;
				CLANG_WARN_UNREACHABLE_CODE = YES;
				CLANG_WARN__DUPLICATE_METHOD_MATCH = YES;
				COPY_PHASE_STRIP = NO;
				DEBUG_INFORMATION_FORMAT = "dwarf-with-dsym";
				ENABLE_NS_ASSERTIONS = NO;
				ENABLE_STRICT_OBJC_MSGSEND = YES;
				GCC_C_LANGUAGE_STANDARD = gnu11;
				GCC_NO_COMMON_BLOCKS = YES;
				GCC_WARN_64_TO_32_BIT_CONVERSION = YES;
				GCC_WARN_ABOUT_RETURN_TYPE = YES_ERROR;
				GCC_WARN_UNDECLARED_SELECTOR = YES;
				GCC_WARN_UNINITIALIZED_AUTOS = YES_AGGRESSIVE;
				GCC_WARN_UNUSED_FUNCTION = YES;
				GCC_WARN_UNUSED_VARIABLE = YES;
				IPHONEOS_DEPLOYMENT_TARGET = 14.3;
				MTL_ENABLE_DEBUG_INFO = NO;
				MTL_FAST_MATH = YES;
				SDKROOT = iphoneos;
				SWIFT_COMPILATION_MODE = wholemodule;
				SWIFT_OPTIMIZATION_LEVEL = "-O";
				VALIDATE_PRODUCT = YES;
			};
			name = Release;
		};
		49DA74A825B43CA900151744 /* Debug */ = {
			isa = XCBuildConfiguration;
			buildSettings = {
				ASSETCATALOG_COMPILER_APPICON_NAME = AppIcon;
				ASSETCATALOG_COMPILER_GLOBAL_ACCENT_COLOR_NAME = AccentColor;
				CODE_SIGN_STYLE = Automatic;
				CURRENT_PROJECT_VERSION = 2;
				DEVELOPMENT_TEAM = 7HF46BS5MM;
				INFOPLIST_FILE = "Overwatch Failure/Info.plist";
				IPHONEOS_DEPLOYMENT_TARGET = 13.0;
				LD_RUNPATH_SEARCH_PATHS = (
					"$(inherited)",
					"@executable_path/Frameworks",
				);
				PRODUCT_BUNDLE_IDENTIFIER = net.ikashima.StopLossSpiral;
				PRODUCT_NAME = "$(TARGET_NAME)";
				SWIFT_VERSION = 5.0;
				TARGETED_DEVICE_FAMILY = 1;
			};
			name = Debug;
		};
		49DA74A925B43CA900151744 /* Release */ = {
			isa = XCBuildConfiguration;
			buildSettings = {
				ASSETCATALOG_COMPILER_APPICON_NAME = AppIcon;
				ASSETCATALOG_COMPILER_GLOBAL_ACCENT_COLOR_NAME = AccentColor;
				CODE_SIGN_STYLE = Automatic;
				CURRENT_PROJECT_VERSION = 2;
				DEVELOPMENT_TEAM = 7HF46BS5MM;
				INFOPLIST_FILE = "Overwatch Failure/Info.plist";
				IPHONEOS_DEPLOYMENT_TARGET = 13.0;
				LD_RUNPATH_SEARCH_PATHS = (
					"$(inherited)",
					"@executable_path/Frameworks",
				);
				PRODUCT_BUNDLE_IDENTIFIER = net.ikashima.StopLossSpiral;
				PRODUCT_NAME = "$(TARGET_NAME)";
				SWIFT_VERSION = 5.0;
				TARGETED_DEVICE_FAMILY = 1;
			};
			name = Release;
		};
/* End XCBuildConfiguration section */

/* Begin XCConfigurationList section */
		49DA748E25B43CA700151744 /* Build configuration list for PBXProject "Overwatch Failure" */ = {
			isa = XCConfigurationList;
			buildConfigurations = (
				49DA74A525B43CA900151744 /* Debug */,
				49DA74A625B43CA900151744 /* Release */,
			);
			defaultConfigurationIsVisible = 0;
			defaultConfigurationName = Release;
		};
		49DA74A725B43CA900151744 /* Build configuration list for PBXNativeTarget "Overwatch Failure" */ = {
			isa = XCConfigurationList;
			buildConfigurations = (
				49DA74A825B43CA900151744 /* Debug */,
				49DA74A925B43CA900151744 /* Release */,
			);
			defaultConfigurationIsVisible = 0;
			defaultConfigurationName = Release;
		};
/* End XCConfigurationList section */
	};
	rootObject = 49DA748B25B43CA700151744 /* Project object */;
}
